
Microsoft Visual Studio Solution File, Format Version 12.00
# Visual Studio Version 17
VisualStudioVersion = 17.4.33110.190
MinimumVisualStudioVersion = 10.0.40219.1
Project("{8BC9CEB8-8B4A-11D0-8D11-00A0C91BC942}") = "XY32", "XY32.vcxproj", "{51B91AA9-A45D-484D-9BF4-60527697C914}"
EndProject
Global
	GlobalSection(SolutionConfigurationPlatforms) = preSolution
		Debug|x64 = Debug|x64
		Debug|x86 = Debug|x86
		Release|x64 = Release|x64
		Release|x86 = Release|x86
	EndGlobalSection
	GlobalSection(ProjectConfigurationPlatforms) = postSolution
		{51B91AA9-A45D-484D-9BF4-60527697C914}.Debug|x64.ActiveCfg = Debug|x64
		{51B91AA9-A45D-484D-9BF4-60527697C914}.Debug|x64.Build.0 = Debug|x64
		{51B91AA9-A45D-484D-9BF4-60527697C914}.Debug|x86.ActiveCfg = Debug|Win32
		{51B91AA9-A45D-484D-9BF4-60527697C914}.Debug|x86.Build.0 = Debug|Win32
		{51B91AA9-A45D-484D-9BF4-60527697C914}.Release|x64.ActiveCfg = Release|x64
		{51B91AA9-A45D-484D-9BF4-60527697C914}.Release|x64.Build.0 = Release|x64
		{51B91AA9-A45D-484D-9BF4-60527697C914}.Release|x86.ActiveCfg = Release|Win32
		{51B91AA9-A45D-484D-9BF4-60527697C914}.Release|x86.Build.0 = Release|Win32
	EndGlobalSection
	GlobalSection(SolutionProperties) = preSolution
		HideSolutionNode = FALSE
	EndGlobalSection
	GlobalSection(ExtensibilityGlobals) = postSolution
		SolutionGuid = {90348278-1C52-4026-BBA9-ECED84F53CB7}
	EndGlobalSection
EndGlobal
