
Microsoft Visual Studio Solution File, Format Version 12.00
# Visual Studio Version 17
VisualStudioVersion = 17.4.33110.190
MinimumVisualStudioVersion = 10.0.40219.1
Project("{8BC9CEB8-8B4A-11D0-8D11-00A0C91BC942}") = "table", "table\table.vcxproj", "{223948D3-E733-4FC2-A075-A69A0ACF744C}"
EndProject
Global
	GlobalSection(SolutionConfigurationPlatforms) = preSolution
		Debug|x64 = Debug|x64
		Debug|x86 = Debug|x86
		Release|x64 = Release|x64
		Release|x86 = Release|x86
	EndGlobalSection
	GlobalSection(ProjectConfigurationPlatforms) = postSolution
		{223948D3-E733-4FC2-A075-A69A0ACF744C}.Debug|x64.ActiveCfg = Debug|x64
		{223948D3-E733-4FC2-A075-A69A0ACF744C}.Debug|x64.Build.0 = Debug|x64
		{223948D3-E733-4FC2-A075-A69A0ACF744C}.Debug|x86.ActiveCfg = Debug|Win32
		{223948D3-E733-4FC2-A075-A69A0ACF744C}.Debug|x86.Build.0 = Debug|Win32
		{223948D3-E733-4FC2-A075-A69A0ACF744C}.Release|x64.ActiveCfg = Release|x64
		{223948D3-E733-4FC2-A075-A69A0ACF744C}.Release|x64.Build.0 = Release|x64
		{223948D3-E733-4FC2-A075-A69A0ACF744C}.Release|x86.ActiveCfg = Release|Win32
		{223948D3-E733-4FC2-A075-A69A0ACF744C}.Release|x86.Build.0 = Release|Win32
	EndGlobalSection
	GlobalSection(SolutionProperties) = preSolution
		HideSolutionNode = FALSE
	EndGlobalSection
	GlobalSection(ExtensibilityGlobals) = postSolution
		SolutionGuid = {F6871480-AFBC-4521-ADE0-501D83F0C86D}
	EndGlobalSection
EndGlobal
